
Microsoft Visual Studio Solution File, Format Version 12.00
# Visual Studio Version 17
VisualStudioVersion = 17.0.31903.59
MinimumVisualStudioVersion = 10.0.40219.1
Project("{9A19103F-16F7-4668-BE54-9A1E7A4F7556}") = "BervProject.WebApi.Boilerplate", "BervProject.WebApi.Boilerplate\BervProject.WebApi.Boilerplate.csproj", "{61F9CED4-DF01-40F5-A126-DE9F73C7AA89}"
EndProject
Project("{9A19103F-16F7-4668-BE54-9A1E7A4F7556}") = "BervProject.WebApi.Test", "BervProject.WebApi.Test\BervProject.WebApi.Test.csproj", "{CE1B1BF2-9EF2-4C07-902F-817D81EFD22E}"
EndProject
Project("{2150E333-8FDC-42A3-9474-1A3956D46DE8}") = "Solution Items", "Solution Items", "{CB53F077-669D-465F-A871-642F25CC3194}"
	ProjectSection(SolutionItems) = preProject
		azure-pipelines.yml = azure-pipelines.yml
		.github\workflows\build-and-dockerize.yml = .github\workflows\build-and-dockerize.yml
		.github\dependabot.yml = .github\dependabot.yml
		Dockerfile = Dockerfile
		README.md = README.md
	EndProjectSection
EndProject
Global
	GlobalSection(SolutionConfigurationPlatforms) = preSolution
		Debug|Any CPU = Debug|Any CPU
		Release|Any CPU = Release|Any CPU
	EndGlobalSection
	GlobalSection(ProjectConfigurationPlatforms) = postSolution
		{61F9CED4-DF01-40F5-A126-DE9F73C7AA89}.Debug|Any CPU.ActiveCfg = Debug|Any CPU
		{61F9CED4-DF01-40F5-A126-DE9F73C7AA89}.Debug|Any CPU.Build.0 = Debug|Any CPU
		{61F9CED4-DF01-40F5-A126-DE9F73C7AA89}.Release|Any CPU.ActiveCfg = Release|Any CPU
		{61F9CED4-DF01-40F5-A126-DE9F73C7AA89}.Release|Any CPU.Build.0 = Release|Any CPU
		{CE1B1BF2-9EF2-4C07-902F-817D81EFD22E}.Debug|Any CPU.ActiveCfg = Debug|Any CPU
		{CE1B1BF2-9EF2-4C07-902F-817D81EFD22E}.Debug|Any CPU.Build.0 = Debug|Any CPU
		{CE1B1BF2-9EF2-4C07-902F-817D81EFD22E}.Release|Any CPU.ActiveCfg = Release|Any CPU
		{CE1B1BF2-9EF2-4C07-902F-817D81EFD22E}.Release|Any CPU.Build.0 = Release|Any CPU
	EndGlobalSection
	GlobalSection(SolutionProperties) = preSolution
		HideSolutionNode = FALSE
	EndGlobalSection
	GlobalSection(ExtensibilityGlobals) = postSolution
		SolutionGuid = {95F60BDF-4C1C-46AA-816D-E645235051C5}
	EndGlobalSection
	GlobalSection(NDepend) = preSolution
		Project = ".\BervProject.WebApi.Boilerplate.ndproj"
	EndGlobalSection
EndGlobal
