
Microsoft Visual Studio Solution File, Format Version 12.00
# Visual Studio Version 16
VisualStudioVersion = 16.0.29318.209
MinimumVisualStudioVersion = 10.0.40219.1
Project("{9A19103F-16F7-4668-BE54-9A1E7A4F7556}") = "BervProject.WebApi.Boilerplate", "BervProject.WebApi.Boilerplate\BervProject.WebApi.Boilerplate.csproj", "{61F9CED4-DF01-40F5-A126-DE9F73C7AA89}"
EndProject
Global
	GlobalSection(SolutionConfigurationPlatforms) = preSolution
		Debug|Any CPU = Debug|Any CPU
		Release|Any CPU = Release|Any CPU
	EndGlobalSection
	GlobalSection(ProjectConfigurationPlatforms) = postSolution
		{61F9CED4-DF01-40F5-A126-DE9F73C7AA89}.Debug|Any CPU.ActiveCfg = Debug|Any CPU
		{61F9CED4-DF01-40F5-A126-DE9F73C7AA89}.Debug|Any CPU.Build.0 = Debug|Any CPU
		{61F9CED4-DF01-40F5-A126-DE9F73C7AA89}.Release|Any CPU.ActiveCfg = Release|Any CPU
		{61F9CED4-DF01-40F5-A126-DE9F73C7AA89}.Release|Any CPU.Build.0 = Release|Any CPU
	EndGlobalSection
	GlobalSection(SolutionProperties) = preSolution
		HideSolutionNode = FALSE
	EndGlobalSection
	GlobalSection(ExtensibilityGlobals) = postSolution
		SolutionGuid = {95F60BDF-4C1C-46AA-816D-E645235051C5}
	EndGlobalSection
EndGlobal
